
Microsoft Visual Studio Solution File, Format Version 12.00
# Visual Studio Version 16
VisualStudioVersion = 16.0.29519.87
MinimumVisualStudioVersion = 10.0.40219.1
Project("{FAE04EC0-301F-11D3-BF4B-00C04F79EFBC}") = "GoogleHascode", "GoogleHascode.csproj", "{55ABFFA7-4EBF-4FB1-8536-D0D5056D37FA}"
EndProject
Global
	GlobalSection(SolutionConfigurationPlatforms) = preSolution
		Debug|Any CPU = Debug|Any CPU
		Release|Any CPU = Release|Any CPU
	EndGlobalSection
	GlobalSection(ProjectConfigurationPlatforms) = postSolution
		{55ABFFA7-4EBF-4FB1-8536-D0D5056D37FA}.Debug|Any CPU.ActiveCfg = Debug|Any CPU
		{55ABFFA7-4EBF-4FB1-8536-D0D5056D37FA}.Debug|Any CPU.Build.0 = Debug|Any CPU
		{55ABFFA7-4EBF-4FB1-8536-D0D5056D37FA}.Release|Any CPU.ActiveCfg = Release|Any CPU
		{55ABFFA7-4EBF-4FB1-8536-D0D5056D37FA}.Release|Any CPU.Build.0 = Release|Any CPU
	EndGlobalSection
	GlobalSection(SolutionProperties) = preSolution
		HideSolutionNode = FALSE
	EndGlobalSection
	GlobalSection(ExtensibilityGlobals) = postSolution
		SolutionGuid = {20ED4415-3F70-4F10-AD85-2B2B3591D49F}
	EndGlobalSection
EndGlobal
